
Microsoft Visual Studio Solution File, Format Version 12.00
# Visual Studio 15
VisualStudioVersion = 15.0.27428.2043
MinimumVisualStudioVersion = 10.0.40219.1
Project("{FAE04EC0-301F-11D3-BF4B-00C04F79EFBC}") = "BetEasy.App", "BetEasy.App.csproj", "{F11D54C5-6893-443F-9DB5-96A727D901C3}"
EndProject
Project("{FAE04EC0-301F-11D3-BF4B-00C04F79EFBC}") = "BetEasy.Core", "..\BetEasy.Core\BetEasy.Core.csproj", "{050F64C8-C628-4C01-B031-E7C28C98392F}"
EndProject
Project("{FAE04EC0-301F-11D3-BF4B-00C04F79EFBC}") = "BetEasy.DataAccess", "..\BetEasy.DataAccess\BetEasy.DataAccess.csproj", "{826123DE-3F89-420F-8645-753606767EA8}"
EndProject
Project("{FAE04EC0-301F-11D3-BF4B-00C04F79EFBC}") = "BetEasy.Core.Tests", "..\BetEasy.Core.Tests\BetEasy.Core.Tests.csproj", "{89262458-E182-4F0D-83B1-B30E09A877D1}"
EndProject
Global
	GlobalSection(SolutionConfigurationPlatforms) = preSolution
		Debug|Any CPU = Debug|Any CPU
		Release|Any CPU = Release|Any CPU
	EndGlobalSection
	GlobalSection(ProjectConfigurationPlatforms) = postSolution
		{F11D54C5-6893-443F-9DB5-96A727D901C3}.Debug|Any CPU.ActiveCfg = Debug|Any CPU
		{F11D54C5-6893-443F-9DB5-96A727D901C3}.Debug|Any CPU.Build.0 = Debug|Any CPU
		{F11D54C5-6893-443F-9DB5-96A727D901C3}.Release|Any CPU.ActiveCfg = Release|Any CPU
		{F11D54C5-6893-443F-9DB5-96A727D901C3}.Release|Any CPU.Build.0 = Release|Any CPU
		{050F64C8-C628-4C01-B031-E7C28C98392F}.Debug|Any CPU.ActiveCfg = Debug|Any CPU
		{050F64C8-C628-4C01-B031-E7C28C98392F}.Debug|Any CPU.Build.0 = Debug|Any CPU
		{050F64C8-C628-4C01-B031-E7C28C98392F}.Release|Any CPU.ActiveCfg = Release|Any CPU
		{050F64C8-C628-4C01-B031-E7C28C98392F}.Release|Any CPU.Build.0 = Release|Any CPU
		{826123DE-3F89-420F-8645-753606767EA8}.Debug|Any CPU.ActiveCfg = Debug|Any CPU
		{826123DE-3F89-420F-8645-753606767EA8}.Debug|Any CPU.Build.0 = Debug|Any CPU
		{826123DE-3F89-420F-8645-753606767EA8}.Release|Any CPU.ActiveCfg = Release|Any CPU
		{826123DE-3F89-420F-8645-753606767EA8}.Release|Any CPU.Build.0 = Release|Any CPU
		{89262458-E182-4F0D-83B1-B30E09A877D1}.Debug|Any CPU.ActiveCfg = Debug|Any CPU
		{89262458-E182-4F0D-83B1-B30E09A877D1}.Debug|Any CPU.Build.0 = Debug|Any CPU
		{89262458-E182-4F0D-83B1-B30E09A877D1}.Release|Any CPU.ActiveCfg = Release|Any CPU
		{89262458-E182-4F0D-83B1-B30E09A877D1}.Release|Any CPU.Build.0 = Release|Any CPU
	EndGlobalSection
	GlobalSection(SolutionProperties) = preSolution
		HideSolutionNode = FALSE
	EndGlobalSection
	GlobalSection(ExtensibilityGlobals) = postSolution
		SolutionGuid = {E311DF3D-3464-46EC-BA14-E47EAA0A3D55}
	EndGlobalSection
EndGlobal
